
Microsoft Visual Studio Solution File, Format Version 12.00
# Visual Studio 14
VisualStudioVersion = 14.0.25420.1
MinimumVisualStudioVersion = 10.0.40219.1
Project("{2150E333-8FDC-42A3-9474-1A3956D46DE8}") = "src", "src", "{F0687FDE-76B2-4920-8AB0-4BBFB239E4C9}"
EndProject
Project("{2150E333-8FDC-42A3-9474-1A3956D46DE8}") = "Solution Items", "Solution Items", "{32F4E49E-8FBF-498C-9009-781FA0A58454}"
	ProjectSection(SolutionItems) = preProject
		.gitignore = .gitignore
		global.json = global.json
		README.md = README.md
	EndProjectSection
EndProject
Project("{FAE04EC0-301F-11D3-BF4B-00C04F79EFBC}") = "ParkerSmart", "ParkerSmart\ParkerSmart.csproj", "{C7B9CE9D-FA83-48F1-BDB7-3B8DF653F2FD}"
EndProject
Global
	GlobalSection(SolutionConfigurationPlatforms) = preSolution
		Debug|Any CPU = Debug|Any CPU
		Release|Any CPU = Release|Any CPU
	EndGlobalSection
	GlobalSection(ProjectConfigurationPlatforms) = postSolution
		{C7B9CE9D-FA83-48F1-BDB7-3B8DF653F2FD}.Debug|Any CPU.ActiveCfg = Debug|Any CPU
		{C7B9CE9D-FA83-48F1-BDB7-3B8DF653F2FD}.Debug|Any CPU.Build.0 = Debug|Any CPU
		{C7B9CE9D-FA83-48F1-BDB7-3B8DF653F2FD}.Release|Any CPU.ActiveCfg = Release|Any CPU
		{C7B9CE9D-FA83-48F1-BDB7-3B8DF653F2FD}.Release|Any CPU.Build.0 = Release|Any CPU
	EndGlobalSection
	GlobalSection(SolutionProperties) = preSolution
		HideSolutionNode = FALSE
	EndGlobalSection
	GlobalSection(NestedProjects) = preSolution
		{C7B9CE9D-FA83-48F1-BDB7-3B8DF653F2FD} = {F0687FDE-76B2-4920-8AB0-4BBFB239E4C9}
	EndGlobalSection
EndGlobal
